
Microsoft Visual Studio Solution File, Format Version 12.00
# Visual Studio Version 16
VisualStudioVersion = 16.0.30406.217
MinimumVisualStudioVersion = 10.0.40219.1
Project("{FAE04EC0-301F-11D3-BF4B-00C04F79EFBC}") = "PracticalWork2", "PracticalWork2\PracticalWork2.csproj", "{31C6744D-19FA-47C6-99AE-E549337F41BE}"
EndProject
Project("{FAE04EC0-301F-11D3-BF4B-00C04F79EFBC}") = "PracticalWork3", "PracticalWork3\PracticalWork3.csproj", "{040ECAE6-38B0-4509-9680-6B17416A24CD}"
EndProject
Project("{FAE04EC0-301F-11D3-BF4B-00C04F79EFBC}") = "PracticalWork4", "PracticalWork4\PracticalWork4.csproj", "{16F4FBA7-D392-4B9C-BEA9-044A8D5EAD80}"
EndProject
Project("{FAE04EC0-301F-11D3-BF4B-00C04F79EFBC}") = "PracticalWork6", "PracticalWork6\PracticalWork6.csproj", "{8498AED6-251F-4D90-852E-7DCC9A2B4FA3}"
EndProject
Project("{FAE04EC0-301F-11D3-BF4B-00C04F79EFBC}") = "PracticalWork5", "PracticalWork5\PracticalWork5.csproj", "{B1D796D3-DD08-427E-9139-CDBA7CDAFCF8}"
EndProject
Project("{FAE04EC0-301F-11D3-BF4B-00C04F79EFBC}") = "PracticalWork7", "PracticalWork7\PracticalWork7.csproj", "{1C189B0C-B2D1-42E3-B0C6-483E789F56ED}"
EndProject
Project("{FAE04EC0-301F-11D3-BF4B-00C04F79EFBC}") = "PracticalWork8", "PracticalWork8\PracticalWork8.csproj", "{CF3B6A33-2590-40EE-A787-0735B5B87A41}"
EndProject
Global
	GlobalSection(SolutionConfigurationPlatforms) = preSolution
		Debug|Any CPU = Debug|Any CPU
		Release|Any CPU = Release|Any CPU
	EndGlobalSection
	GlobalSection(ProjectConfigurationPlatforms) = postSolution
		{31C6744D-19FA-47C6-99AE-E549337F41BE}.Debug|Any CPU.ActiveCfg = Debug|Any CPU
		{31C6744D-19FA-47C6-99AE-E549337F41BE}.Debug|Any CPU.Build.0 = Debug|Any CPU
		{31C6744D-19FA-47C6-99AE-E549337F41BE}.Release|Any CPU.ActiveCfg = Release|Any CPU
		{31C6744D-19FA-47C6-99AE-E549337F41BE}.Release|Any CPU.Build.0 = Release|Any CPU
		{040ECAE6-38B0-4509-9680-6B17416A24CD}.Debug|Any CPU.ActiveCfg = Debug|Any CPU
		{040ECAE6-38B0-4509-9680-6B17416A24CD}.Debug|Any CPU.Build.0 = Debug|Any CPU
		{040ECAE6-38B0-4509-9680-6B17416A24CD}.Release|Any CPU.ActiveCfg = Release|Any CPU
		{040ECAE6-38B0-4509-9680-6B17416A24CD}.Release|Any CPU.Build.0 = Release|Any CPU
		{16F4FBA7-D392-4B9C-BEA9-044A8D5EAD80}.Debug|Any CPU.ActiveCfg = Debug|Any CPU
		{16F4FBA7-D392-4B9C-BEA9-044A8D5EAD80}.Debug|Any CPU.Build.0 = Debug|Any CPU
		{16F4FBA7-D392-4B9C-BEA9-044A8D5EAD80}.Release|Any CPU.ActiveCfg = Release|Any CPU
		{16F4FBA7-D392-4B9C-BEA9-044A8D5EAD80}.Release|Any CPU.Build.0 = Release|Any CPU
		{8498AED6-251F-4D90-852E-7DCC9A2B4FA3}.Debug|Any CPU.ActiveCfg = Debug|Any CPU
		{8498AED6-251F-4D90-852E-7DCC9A2B4FA3}.Debug|Any CPU.Build.0 = Debug|Any CPU
		{8498AED6-251F-4D90-852E-7DCC9A2B4FA3}.Release|Any CPU.ActiveCfg = Release|Any CPU
		{8498AED6-251F-4D90-852E-7DCC9A2B4FA3}.Release|Any CPU.Build.0 = Release|Any CPU
		{B1D796D3-DD08-427E-9139-CDBA7CDAFCF8}.Debug|Any CPU.ActiveCfg = Debug|Any CPU
		{B1D796D3-DD08-427E-9139-CDBA7CDAFCF8}.Debug|Any CPU.Build.0 = Debug|Any CPU
		{B1D796D3-DD08-427E-9139-CDBA7CDAFCF8}.Release|Any CPU.ActiveCfg = Release|Any CPU
		{B1D796D3-DD08-427E-9139-CDBA7CDAFCF8}.Release|Any CPU.Build.0 = Release|Any CPU
		{1C189B0C-B2D1-42E3-B0C6-483E789F56ED}.Debug|Any CPU.ActiveCfg = Debug|Any CPU
		{1C189B0C-B2D1-42E3-B0C6-483E789F56ED}.Debug|Any CPU.Build.0 = Debug|Any CPU
		{1C189B0C-B2D1-42E3-B0C6-483E789F56ED}.Release|Any CPU.ActiveCfg = Release|Any CPU
		{1C189B0C-B2D1-42E3-B0C6-483E789F56ED}.Release|Any CPU.Build.0 = Release|Any CPU
		{CF3B6A33-2590-40EE-A787-0735B5B87A41}.Debug|Any CPU.ActiveCfg = Debug|Any CPU
		{CF3B6A33-2590-40EE-A787-0735B5B87A41}.Debug|Any CPU.Build.0 = Debug|Any CPU
		{CF3B6A33-2590-40EE-A787-0735B5B87A41}.Release|Any CPU.ActiveCfg = Release|Any CPU
		{CF3B6A33-2590-40EE-A787-0735B5B87A41}.Release|Any CPU.Build.0 = Release|Any CPU
	EndGlobalSection
	GlobalSection(SolutionProperties) = preSolution
		HideSolutionNode = FALSE
	EndGlobalSection
	GlobalSection(ExtensibilityGlobals) = postSolution
		SolutionGuid = {FD674749-421B-49D9-9F84-E4C35E16873E}
	EndGlobalSection
EndGlobal
